
Microsoft Visual Studio Solution File, Format Version 12.00
# Visual Studio Version 17
VisualStudioVersion = 17.9.34701.34
MinimumVisualStudioVersion = 10.0.40219.1
Project("{FAE04EC0-301F-11D3-BF4B-00C04F79EFBC}") = "DesafioPratico", "DesafioPratico.csproj", "{582C73FB-CA7C-4F0E-B387-81F921F5E663}"
EndProject
Global
	GlobalSection(SolutionConfigurationPlatforms) = preSolution
		Debug|Any CPU = Debug|Any CPU
		Release|Any CPU = Release|Any CPU
	EndGlobalSection
	GlobalSection(ProjectConfigurationPlatforms) = postSolution
		{582C73FB-CA7C-4F0E-B387-81F921F5E663}.Debug|Any CPU.ActiveCfg = Debug|Any CPU
		{582C73FB-CA7C-4F0E-B387-81F921F5E663}.Debug|Any CPU.Build.0 = Debug|Any CPU
		{582C73FB-CA7C-4F0E-B387-81F921F5E663}.Release|Any CPU.ActiveCfg = Release|Any CPU
		{582C73FB-CA7C-4F0E-B387-81F921F5E663}.Release|Any CPU.Build.0 = Release|Any CPU
	EndGlobalSection
	GlobalSection(SolutionProperties) = preSolution
		HideSolutionNode = FALSE
	EndGlobalSection
	GlobalSection(ExtensibilityGlobals) = postSolution
		SolutionGuid = {1A2934C0-E8EF-4E20-9840-5EDA2AA7BF05}
	EndGlobalSection
EndGlobal
